
Microsoft Visual Studio Solution File, Format Version 12.00
# Visual Studio 15
VisualStudioVersion = 15.0.28307.645
MinimumVisualStudioVersion = 10.0.40219.1
Project("{FAE04EC0-301F-11D3-BF4B-00C04F79EFBC}") = "POSManagementApp", "POSManagementApp\POSManagementApp.csproj", "{F1C10E4F-F843-4786-A141-C0DB8A3B643E}"
EndProject
Project("{FAE04EC0-301F-11D3-BF4B-00C04F79EFBC}") = "POSManagement.Models", "POSManagement.Models\POSManagement.Models.csproj", "{BC963D4B-8FE8-4D94-B034-CC00A32AC2B5}"
EndProject
Project("{FAE04EC0-301F-11D3-BF4B-00C04F79EFBC}") = "POSManagement.Repository", "POSManagement.Repository\POSManagement.Repository.csproj", "{68507F8B-DDF0-46DC-B57B-53C5AC6F1DC3}"
EndProject
Project("{FAE04EC0-301F-11D3-BF4B-00C04F79EFBC}") = "POSManagementApp.BLL", "POSManagementApp.BLL\POSManagementApp.BLL.csproj", "{FE558BD1-369B-4A06-BE9B-9D280B3EBC5D}"
EndProject
Project("{FAE04EC0-301F-11D3-BF4B-00C04F79EFBC}") = "POSManagementApp.DatabaseContext", "POSManagementApp.DatabaseContext\POSManagementApp.DatabaseContext.csproj", "{0D6F869C-C3A4-42B1-AF2B-B16649FDC47F}"
EndProject
Global
	GlobalSection(SolutionConfigurationPlatforms) = preSolution
		Debug|Any CPU = Debug|Any CPU
		Release|Any CPU = Release|Any CPU
	EndGlobalSection
	GlobalSection(ProjectConfigurationPlatforms) = postSolution
		{F1C10E4F-F843-4786-A141-C0DB8A3B643E}.Debug|Any CPU.ActiveCfg = Debug|Any CPU
		{F1C10E4F-F843-4786-A141-C0DB8A3B643E}.Debug|Any CPU.Build.0 = Debug|Any CPU
		{F1C10E4F-F843-4786-A141-C0DB8A3B643E}.Release|Any CPU.ActiveCfg = Release|Any CPU
		{F1C10E4F-F843-4786-A141-C0DB8A3B643E}.Release|Any CPU.Build.0 = Release|Any CPU
		{BC963D4B-8FE8-4D94-B034-CC00A32AC2B5}.Debug|Any CPU.ActiveCfg = Debug|Any CPU
		{BC963D4B-8FE8-4D94-B034-CC00A32AC2B5}.Debug|Any CPU.Build.0 = Debug|Any CPU
		{BC963D4B-8FE8-4D94-B034-CC00A32AC2B5}.Release|Any CPU.ActiveCfg = Release|Any CPU
		{BC963D4B-8FE8-4D94-B034-CC00A32AC2B5}.Release|Any CPU.Build.0 = Release|Any CPU
		{68507F8B-DDF0-46DC-B57B-53C5AC6F1DC3}.Debug|Any CPU.ActiveCfg = Debug|Any CPU
		{68507F8B-DDF0-46DC-B57B-53C5AC6F1DC3}.Debug|Any CPU.Build.0 = Debug|Any CPU
		{68507F8B-DDF0-46DC-B57B-53C5AC6F1DC3}.Release|Any CPU.ActiveCfg = Release|Any CPU
		{68507F8B-DDF0-46DC-B57B-53C5AC6F1DC3}.Release|Any CPU.Build.0 = Release|Any CPU
		{FE558BD1-369B-4A06-BE9B-9D280B3EBC5D}.Debug|Any CPU.ActiveCfg = Debug|Any CPU
		{FE558BD1-369B-4A06-BE9B-9D280B3EBC5D}.Debug|Any CPU.Build.0 = Debug|Any CPU
		{FE558BD1-369B-4A06-BE9B-9D280B3EBC5D}.Release|Any CPU.ActiveCfg = Release|Any CPU
		{FE558BD1-369B-4A06-BE9B-9D280B3EBC5D}.Release|Any CPU.Build.0 = Release|Any CPU
		{0D6F869C-C3A4-42B1-AF2B-B16649FDC47F}.Debug|Any CPU.ActiveCfg = Debug|Any CPU
		{0D6F869C-C3A4-42B1-AF2B-B16649FDC47F}.Debug|Any CPU.Build.0 = Debug|Any CPU
		{0D6F869C-C3A4-42B1-AF2B-B16649FDC47F}.Release|Any CPU.ActiveCfg = Release|Any CPU
		{0D6F869C-C3A4-42B1-AF2B-B16649FDC47F}.Release|Any CPU.Build.0 = Release|Any CPU
	EndGlobalSection
	GlobalSection(SolutionProperties) = preSolution
		HideSolutionNode = FALSE
	EndGlobalSection
	GlobalSection(ExtensibilityGlobals) = postSolution
		SolutionGuid = {7AF9EF91-1672-493F-8D6A-1A2871CD0480}
	EndGlobalSection
EndGlobal
